
Microsoft Visual Studio Solution File, Format Version 12.00
# Visual Studio 15
VisualStudioVersion = 15.0.26730.8
MinimumVisualStudioVersion = 10.0.40219.1
Project("{FAE04EC0-301F-11D3-BF4B-00C04F79EFBC}") = "Online_Book_Shop", "Online_Book_Shop\Online_Book_Shop.csproj", "{A7E3C331-3CD2-402D-A4E0-7116DA902973}"
EndProject
Global
	GlobalSection(SolutionConfigurationPlatforms) = preSolution
		Debug|Any CPU = Debug|Any CPU
		Release|Any CPU = Release|Any CPU
	EndGlobalSection
	GlobalSection(ProjectConfigurationPlatforms) = postSolution
		{A7E3C331-3CD2-402D-A4E0-7116DA902973}.Debug|Any CPU.ActiveCfg = Debug|Any CPU
		{A7E3C331-3CD2-402D-A4E0-7116DA902973}.Debug|Any CPU.Build.0 = Debug|Any CPU
		{A7E3C331-3CD2-402D-A4E0-7116DA902973}.Release|Any CPU.ActiveCfg = Release|Any CPU
		{A7E3C331-3CD2-402D-A4E0-7116DA902973}.Release|Any CPU.Build.0 = Release|Any CPU
	EndGlobalSection
	GlobalSection(SolutionProperties) = preSolution
		HideSolutionNode = FALSE
	EndGlobalSection
	GlobalSection(ExtensibilityGlobals) = postSolution
		SolutionGuid = {C15A76B4-848D-4EE6-9C1B-135318F2C417}
	EndGlobalSection
EndGlobal
